
Microsoft Visual Studio Solution File, Format Version 12.00
Project("{FAE04EC0-301F-11D3-BF4B-00C04F79EFBC}") = "Library", "Library\Library.csproj", "{15264B76-D28E-4059-A74F-8A2FF51BFA60}"
EndProject
Global
	GlobalSection(SolutionConfigurationPlatforms) = preSolution
		Debug|Any CPU = Debug|Any CPU
		Release|Any CPU = Release|Any CPU
	EndGlobalSection
	GlobalSection(ProjectConfigurationPlatforms) = postSolution
		{15264B76-D28E-4059-A74F-8A2FF51BFA60}.Debug|Any CPU.ActiveCfg = Debug|Any CPU
		{15264B76-D28E-4059-A74F-8A2FF51BFA60}.Debug|Any CPU.Build.0 = Debug|Any CPU
		{15264B76-D28E-4059-A74F-8A2FF51BFA60}.Release|Any CPU.ActiveCfg = Release|Any CPU
		{15264B76-D28E-4059-A74F-8A2FF51BFA60}.Release|Any CPU.Build.0 = Release|Any CPU
	EndGlobalSection
EndGlobal
